
Microsoft Visual Studio Solution File, Format Version 12.00
# Visual Studio 15
Project("{FAE04EC0-301F-11D3-BF4B-00C04F79EFBC}") = "Pets", "Pets.csproj", "{EAB88DDA-01FA-4B90-97D4-2FBE989FB154}"
EndProject
Global
	GlobalSection(SolutionConfigurationPlatforms) = preSolution
		Debug|Any CPU = Debug|Any CPU
		Release|Any CPU = Release|Any CPU
	EndGlobalSection
	GlobalSection(ProjectConfigurationPlatforms) = postSolution
		{EAB88DDA-01FA-4B90-97D4-2FBE989FB154}.Debug|Any CPU.ActiveCfg = Debug|Any CPU
		{EAB88DDA-01FA-4B90-97D4-2FBE989FB154}.Debug|Any CPU.Build.0 = Debug|Any CPU
		{EAB88DDA-01FA-4B90-97D4-2FBE989FB154}.Release|Any CPU.ActiveCfg = Release|Any CPU
		{EAB88DDA-01FA-4B90-97D4-2FBE989FB154}.Release|Any CPU.Build.0 = Release|Any CPU
	EndGlobalSection
EndGlobal
